
Microsoft Visual Studio Solution File, Format Version 12.00
# Visual Studio 15
VisualStudioVersion = 15.0.28010.2048
MinimumVisualStudioVersion = 10.0.40219.1
Project("{FAE04EC0-301F-11D3-BF4B-00C04F79EFBC}") = "Todo.UI", "Todo.UI\Todo.UI.csproj", "{0C14041D-1F8B-45F2-838D-6C15CA4280C3}"
EndProject
Project("{FAE04EC0-301F-11D3-BF4B-00C04F79EFBC}") = "Todo.Model", "Todo.Model\Todo.Model.csproj", "{69BFE9BC-9A90-41E4-8907-BE329BCBD0E0}"
EndProject
Project("{FAE04EC0-301F-11D3-BF4B-00C04F79EFBC}") = "Todo.DataAccess", "Todo.DataAccess\Todo.DataAccess.csproj", "{4024A174-4EE1-4521-A45F-4E9ABE0181DD}"
EndProject
Global
	GlobalSection(SolutionConfigurationPlatforms) = preSolution
		Debug|Any CPU = Debug|Any CPU
		Release|Any CPU = Release|Any CPU
	EndGlobalSection
	GlobalSection(ProjectConfigurationPlatforms) = postSolution
		{0C14041D-1F8B-45F2-838D-6C15CA4280C3}.Debug|Any CPU.ActiveCfg = Debug|Any CPU
		{0C14041D-1F8B-45F2-838D-6C15CA4280C3}.Debug|Any CPU.Build.0 = Debug|Any CPU
		{0C14041D-1F8B-45F2-838D-6C15CA4280C3}.Release|Any CPU.ActiveCfg = Release|Any CPU
		{0C14041D-1F8B-45F2-838D-6C15CA4280C3}.Release|Any CPU.Build.0 = Release|Any CPU
		{69BFE9BC-9A90-41E4-8907-BE329BCBD0E0}.Debug|Any CPU.ActiveCfg = Debug|Any CPU
		{69BFE9BC-9A90-41E4-8907-BE329BCBD0E0}.Debug|Any CPU.Build.0 = Debug|Any CPU
		{69BFE9BC-9A90-41E4-8907-BE329BCBD0E0}.Release|Any CPU.ActiveCfg = Release|Any CPU
		{69BFE9BC-9A90-41E4-8907-BE329BCBD0E0}.Release|Any CPU.Build.0 = Release|Any CPU
		{4024A174-4EE1-4521-A45F-4E9ABE0181DD}.Debug|Any CPU.ActiveCfg = Debug|Any CPU
		{4024A174-4EE1-4521-A45F-4E9ABE0181DD}.Debug|Any CPU.Build.0 = Debug|Any CPU
		{4024A174-4EE1-4521-A45F-4E9ABE0181DD}.Release|Any CPU.ActiveCfg = Release|Any CPU
		{4024A174-4EE1-4521-A45F-4E9ABE0181DD}.Release|Any CPU.Build.0 = Release|Any CPU
	EndGlobalSection
	GlobalSection(SolutionProperties) = preSolution
		HideSolutionNode = FALSE
	EndGlobalSection
	GlobalSection(ExtensibilityGlobals) = postSolution
		SolutionGuid = {57920EEB-192F-4CCD-8478-E44F9AFDCFCC}
	EndGlobalSection
EndGlobal
